
Microsoft Visual Studio Solution File, Format Version 12.00
# Visual Studio Version 16
VisualStudioVersion = 16.0.30503.244
MinimumVisualStudioVersion = 10.0.40219.1
Project("{FAE04EC0-301F-11D3-BF4B-00C04F79EFBC}") = "EditorDeTexto", "EditorDeTexto\EditorDeTexto.csproj", "{2B59BD5F-A917-45AB-85E8-AF4A8B0B13DC}"
EndProject
Global
	GlobalSection(SolutionConfigurationPlatforms) = preSolution
		Debug|Any CPU = Debug|Any CPU
		Release|Any CPU = Release|Any CPU
	EndGlobalSection
	GlobalSection(ProjectConfigurationPlatforms) = postSolution
		{2B59BD5F-A917-45AB-85E8-AF4A8B0B13DC}.Debug|Any CPU.ActiveCfg = Debug|Any CPU
		{2B59BD5F-A917-45AB-85E8-AF4A8B0B13DC}.Debug|Any CPU.Build.0 = Debug|Any CPU
		{2B59BD5F-A917-45AB-85E8-AF4A8B0B13DC}.Release|Any CPU.ActiveCfg = Release|Any CPU
		{2B59BD5F-A917-45AB-85E8-AF4A8B0B13DC}.Release|Any CPU.Build.0 = Release|Any CPU
	EndGlobalSection
	GlobalSection(SolutionProperties) = preSolution
		HideSolutionNode = FALSE
	EndGlobalSection
	GlobalSection(ExtensibilityGlobals) = postSolution
		SolutionGuid = {8EB82B63-E178-44E4-A304-6D89552DE274}
	EndGlobalSection
EndGlobal
